<?xml version="1.0" encoding="utf-8"?>
<Project ToolsVersion="4.0" xmlns="http://schemas.microsoft.com/developer/msbuild/2003">
  <ItemGroup>
    <Filter Include="Thread">
      <UniqueIdentifier>{121ac3fa-390a-46d1-a845-48531f02010c}</UniqueIdentifier>
    </Filter>
    <Filter Include="file">
      <UniqueIdentifier>{e70abaab-1bf2-427c-8353-582c085c8470}</UniqueIdentifier>
    </Filter>
    <Filter Include="simulate_linux_hfile">
      <UniqueIdentifier>{5d8e6983-c767-4350-a3a9-62b8af66053b}</UniqueIdentifier>
    </Filter>
    <Filter Include="simulate_linux_hfile\sys">
      <UniqueIdentifier>{3c64f0e2-afa2-435a-8953-69f3f037145c}</UniqueIdentifier>
    </Filter>
    <Filter Include="simulate_linux_hfile\arpa">
      <UniqueIdentifier>{044dca3a-b202-4c9c-a05c-b6a6cdf00e88}</UniqueIdentifier>
    </Filter>
    <Filter Include="net">
      <UniqueIdentifier>{17adee21-4ddd-4561-8cb8-29300334ba4e}</UniqueIdentifier>
    </Filter>
    <Filter Include="simulate_linux_hfile\zthread">
      <UniqueIdentifier>{a3430e86-da47-499c-bb87-54a5837cb6df}</UniqueIdentifier>
    </Filter>
  </ItemGroup>
  <ItemGroup>
    <ClInclude Include="..\..\..\Thread\AtomicCount.h">
      <Filter>Thread</Filter>
    </ClInclude>
    <ClInclude Include="..\..\..\Thread\backlog.h">
      <Filter>Thread</Filter>
    </ClInclude>
    <ClInclude Include="..\..\..\Thread\condition_mutex.h">
      <Filter>Thread</Filter>
    </ClInclude>
    <ClInclude Include="..\..\..\Thread\lock.h">
      <Filter>Thread</Filter>
    </ClInclude>
    <ClInclude Include="..\..\..\Thread\message_queue.h">
      <Filter>Thread</Filter>
    </ClInclude>
    <ClInclude Include="..\..\..\Thread\SwapList.h">
      <Filter>Thread</Filter>
    </ClInclude>
    <ClInclude Include="..\..\..\Thread\template.h">
      <Filter>Thread</Filter>
    </ClInclude>
    <ClInclude Include="..\..\..\Thread\Thread.h">
      <Filter>Thread</Filter>
    </ClInclude>
    <ClInclude Include="..\..\..\Thread\thread_manager.h">
      <Filter>Thread</Filter>
    </ClInclude>
    <ClInclude Include="..\..\..\Thread\thread_synch.h">
      <Filter>Thread</Filter>
    </ClInclude>
    <ClInclude Include="..\..\..\simulate_linux_hfile\netdb.h">
      <Filter>simulate_linux_hfile</Filter>
    </ClInclude>
    <ClInclude Include="..\..\..\simulate_linux_hfile\unistd.h">
      <Filter>simulate_linux_hfile</Filter>
    </ClInclude>
    <ClInclude Include="..\..\..\simulate_linux_hfile\sys\epoll.h">
      <Filter>simulate_linux_hfile\sys</Filter>
    </ClInclude>
    <ClInclude Include="..\..\..\simulate_linux_hfile\sys\socket.h">
      <Filter>simulate_linux_hfile\sys</Filter>
    </ClInclude>
    <ClInclude Include="..\..\..\simulate_linux_hfile\arpa\inet.h">
      <Filter>simulate_linux_hfile\arpa</Filter>
    </ClInclude>
    <ClInclude Include="..\..\..\net\message.h">
      <Filter>net</Filter>
    </ClInclude>
    <ClInclude Include="..\..\..\net\my_socket.h">
      <Filter>net</Filter>
    </ClInclude>
    <ClInclude Include="..\..\..\net\epoll_base.h">
      <Filter>net</Filter>
    </ClInclude>
    <ClInclude Include="..\..\..\simulate_linux_hfile\zthread\Guard.h">
      <Filter>simulate_linux_hfile\zthread</Filter>
    </ClInclude>
  </ItemGroup>
  <ItemGroup>
    <None Include="..\..\..\Thread\message_queue.inl">
      <Filter>Thread</Filter>
    </None>
  </ItemGroup>
  <ItemGroup>
    <ClCompile Include="..\..\..\Thread\SimpleAtomicCount.cpp">
      <Filter>Thread</Filter>
    </ClCompile>
    <ClCompile Include="..\..\..\Thread\Thread.cpp">
      <Filter>Thread</Filter>
    </ClCompile>
    <ClCompile Include="..\..\..\net\my_socket.cpp">
      <Filter>net</Filter>
    </ClCompile>
    <ClCompile Include="..\..\..\net\test_client.cpp">
      <Filter>net</Filter>
    </ClCompile>
    <ClCompile Include="..\..\..\net\test_epoll.cpp">
      <Filter>net</Filter>
    </ClCompile>
    <ClCompile Include="..\..\..\net\epoll_base.cpp">
      <Filter>net</Filter>
    </ClCompile>
  </ItemGroup>
</Project>