<?xml version="1.0" encoding="utf-8"?>
<Project ToolsVersion="4.0" xmlns="http://schemas.microsoft.com/developer/msbuild/2003">
  <ItemGroup>
    <Filter Include="源文件">
      <UniqueIdentifier>{4FC737F1-C7A5-4376-A066-2A32D752A2FF}</UniqueIdentifier>
      <Extensions>cpp;c;cc;cxx;def;odl;idl;hpj;bat;asm;asmx</Extensions>
    </Filter>
    <Filter Include="头文件">
      <UniqueIdentifier>{93995380-89BD-4b04-88EB-625FBE52EBFB}</UniqueIdentifier>
      <Extensions>h;hpp;hxx;hm;inl;inc;xsd</Extensions>
    </Filter>
    <Filter Include="资源文件">
      <UniqueIdentifier>{67DA6AB6-F800-4c08-8B7A-83BB121AAD01}</UniqueIdentifier>
      <Extensions>rc;ico;cur;bmp;dlg;rc2;rct;bin;rgs;gif;jpg;jpeg;jpe;resx;tiff;tif;png;wav</Extensions>
    </Filter>
    <Filter Include="utility">
      <UniqueIdentifier>{aee70ab1-6c35-4529-816b-7f4e5bfc2765}</UniqueIdentifier>
    </Filter>
    <Filter Include="MoreThread">
      <UniqueIdentifier>{501973a0-df0a-43ec-8922-be117858c4d9}</UniqueIdentifier>
    </Filter>
    <Filter Include="net">
      <UniqueIdentifier>{7181223b-604c-4e0d-a30f-bf3ee9401e88}</UniqueIdentifier>
    </Filter>
  </ItemGroup>
  <ItemGroup>
    <ClInclude Include="..\..\testClient\config.h">
      <Filter>源文件</Filter>
    </ClInclude>
    <ClInclude Include="..\..\..\..\defaultConfig.h">
      <Filter>源文件</Filter>
    </ClInclude>
    <ClInclude Include="..\..\..\..\utility\circleBuf.h">
      <Filter>utility</Filter>
    </ClInclude>
    <ClInclude Include="..\..\..\..\utility\debugLog.h">
      <Filter>utility</Filter>
    </ClInclude>
    <ClInclude Include="..\..\..\..\utility\easyTest.h">
      <Filter>utility</Filter>
    </ClInclude>
    <ClInclude Include="..\..\..\..\utility\heapObj.h">
      <Filter>utility</Filter>
    </ClInclude>
    <ClInclude Include="..\..\..\..\utility\logFile.h">
      <Filter>utility</Filter>
    </ClInclude>
    <ClInclude Include="..\..\..\..\utility\memoryStream.h">
      <Filter>utility</Filter>
    </ClInclude>
    <ClInclude Include="..\..\..\..\utility\misc.h">
      <Filter>utility</Filter>
    </ClInclude>
    <ClInclude Include="..\..\..\..\utility\MultIndexContainer.h">
      <Filter>utility</Filter>
    </ClInclude>
    <ClInclude Include="..\..\..\..\utility\noncopyable.h">
      <Filter>utility</Filter>
    </ClInclude>
    <ClInclude Include="..\..\..\..\utility\ObjPool.h">
      <Filter>utility</Filter>
    </ClInclude>
    <ClInclude Include="..\..\..\..\utility\parseStr.h">
      <Filter>utility</Filter>
    </ClInclude>
    <ClInclude Include="..\..\..\..\utility\singleton.h">
      <Filter>utility</Filter>
    </ClInclude>
    <ClInclude Include="..\..\..\..\utility\stlBoost.h">
      <Filter>utility</Filter>
    </ClInclude>
    <ClInclude Include="..\..\..\..\utility\typedef.h">
      <Filter>utility</Filter>
    </ClInclude>
    <ClInclude Include="..\..\..\..\utility\UniqueId.h">
      <Filter>utility</Filter>
    </ClInclude>
    <ClInclude Include="..\..\..\..\MoreThread\AtomicCount.h">
      <Filter>MoreThread</Filter>
    </ClInclude>
    <ClInclude Include="..\..\..\..\MoreThread\SwapList.h">
      <Filter>MoreThread</Filter>
    </ClInclude>
    <ClInclude Include="..\..\..\..\MoreThread\Thread.h">
      <Filter>MoreThread</Filter>
    </ClInclude>
    <ClInclude Include="..\..\..\net\epoll_base.h">
      <Filter>net</Filter>
    </ClInclude>
    <ClInclude Include="..\..\..\net\message.h">
      <Filter>net</Filter>
    </ClInclude>
    <ClInclude Include="..\..\..\net\my_socket.h">
      <Filter>net</Filter>
    </ClInclude>
  </ItemGroup>
  <ItemGroup>
    <ClCompile Include="..\..\testClient\main.cpp">
      <Filter>源文件</Filter>
    </ClCompile>
    <ClCompile Include="..\..\..\..\utility\debugLog.cpp">
      <Filter>utility</Filter>
    </ClCompile>
    <ClCompile Include="..\..\..\..\utility\logFile.cpp">
      <Filter>utility</Filter>
    </ClCompile>
    <ClCompile Include="..\..\..\..\utility\memoryStream.cpp">
      <Filter>utility</Filter>
    </ClCompile>
    <ClCompile Include="..\..\..\..\utility\TestMemoryStream.cpp">
      <Filter>utility</Filter>
    </ClCompile>
    <ClCompile Include="..\..\..\..\utility\testUtility.cpp">
      <Filter>utility</Filter>
    </ClCompile>
    <ClCompile Include="..\..\..\..\MoreThread\Thread.cpp">
      <Filter>MoreThread</Filter>
    </ClCompile>
    <ClCompile Include="..\..\..\net\epoll_base.cpp">
      <Filter>net</Filter>
    </ClCompile>
    <ClCompile Include="..\..\..\net\my_socket.cpp">
      <Filter>net</Filter>
    </ClCompile>
    <ClCompile Include="..\..\..\net\test_client.cpp">
      <Filter>net</Filter>
    </ClCompile>
    <ClCompile Include="..\..\..\net\test_epoll.cpp">
      <Filter>net</Filter>
    </ClCompile>
  </ItemGroup>
  <ItemGroup>
    <None Include="..\..\testClient\Makefile.am">
      <Filter>源文件</Filter>
    </None>
  </ItemGroup>
</Project>